# THIS IS AN AUTOGENERATED FILE. DO NOT EDIT THIS FILE DIRECTLY.
# yarn lockfile v1


three@^0.185.1:
  version "0.185.1"
  resolved "https://registry.yarnpkg.com/three/-/three-0.185.1.tgz#63e9e241a17b101e211965121a017b4b4d8054ae"
  integrity sha512-5aojFCXKwnjBRZvUnt3WFfEcvUJgkN5LlijRFN95hMy8WVkG4I0QNcJE+OuWvuJ0bOdStrbfXn0pkd6/QyiAlg==

ws@^8.21.1:
  version "8.21.1"
  resolved "https://registry.yarnpkg.com/ws/-/ws-8.21.1.tgz#045650cd4b1207809e7547146223c3814a9af586"
  integrity sha512-+0NTnW77fFN/DjQi6k/Sq/Yvk4Sgajw7urW8V+asjXnRgDs9gyGkdb7EzgfhA4goXsRIZKE28fzIXBHEzhuiWw==
